
Microsoft Visual Studio Solution File, Format Version 12.00
# Visual Studio Version 17
VisualStudioVersion = 17.1.32328.378
MinimumVisualStudioVersion = 10.0.40219.1
Project("{9A19103F-16F7-4668-BE54-9A1E7A4F7556}") = "Standard Trading API", "Standard Trading API\Standard Trading API.csproj", "{CCBFC66D-0D3F-4574-818E-66A53DC940BB}"
EndProject
Project("{9A19103F-16F7-4668-BE54-9A1E7A4F7556}") = "Data Access Layer", "Data Access Layer\Data Access Layer.csproj", "{88927C03-FCF3-4A81-9327-0945E81C9240}"
EndProject
Global
	GlobalSection(SolutionConfigurationPlatforms) = preSolution
		Debug|Any CPU = Debug|Any CPU
		Release|Any CPU = Release|Any CPU
	EndGlobalSection
	GlobalSection(ProjectConfigurationPlatforms) = postSolution
		{CCBFC66D-0D3F-4574-818E-66A53DC940BB}.Debug|Any CPU.ActiveCfg = Debug|Any CPU
		{CCBFC66D-0D3F-4574-818E-66A53DC940BB}.Debug|Any CPU.Build.0 = Debug|Any CPU
		{CCBFC66D-0D3F-4574-818E-66A53DC940BB}.Release|Any CPU.ActiveCfg = Release|Any CPU
		{CCBFC66D-0D3F-4574-818E-66A53DC940BB}.Release|Any CPU.Build.0 = Release|Any CPU
		{88927C03-FCF3-4A81-9327-0945E81C9240}.Debug|Any CPU.ActiveCfg = Debug|Any CPU
		{88927C03-FCF3-4A81-9327-0945E81C9240}.Debug|Any CPU.Build.0 = Debug|Any CPU
		{88927C03-FCF3-4A81-9327-0945E81C9240}.Release|Any CPU.ActiveCfg = Release|Any CPU
		{88927C03-FCF3-4A81-9327-0945E81C9240}.Release|Any CPU.Build.0 = Release|Any CPU
	EndGlobalSection
	GlobalSection(SolutionProperties) = preSolution
		HideSolutionNode = FALSE
	EndGlobalSection
	GlobalSection(ExtensibilityGlobals) = postSolution
		SolutionGuid = {BD3C4BDE-9764-4F66-8E1E-843C42241739}
	EndGlobalSection
EndGlobal
